// !$*UTF8*$!
{
	archiveVersion = 1;
	classes = {
	};
	objectVersion = 46;
	objects = {

/* Begin PBXBuildFile section */
		D65EC4111CAC061200ADC0C6 /* LoginViewControler.m in Sources */ = {isa = PBXBuildFile; fileRef = D65EC4101CAC061200ADC0C6 /* LoginViewControler.m */; };
		D65EC4141CAC092E00ADC0C6 /* SignUpViewController.m in Sources */ = {isa = PBXBuildFile; fileRef = D65EC4131CAC092E00ADC0C6 /* SignUpViewController.m */; };
		D696C9631CA96D24008C8202 /* main.m in Sources */ = {isa = PBXBuildFile; fileRef = D696C9621CA96D24008C8202 /* main.m */; };
		D696C9661CA96D25008C8202 /* AppDelegate.m in Sources */ = {isa = PBXBuildFile; fileRef = D696C9651CA96D25008C8202 /* AppDelegate.m */; };
		D696C9691CA96D25008C8202 /* ViewController.m in Sources */ = {isa = PBXBuildFile; fileRef = D696C9681CA96D25008C8202 /* ViewController.m */; };
		D696C96C1CA96D25008C8202 /* Main.storyboard in Resources */ = {isa = PBXBuildFile; fileRef = D696C96A1CA96D25008C8202 /* Main.storyboard */; };
		D696C96F1CA96D25008C8202 /* ToDo.xcdatamodeld in Sources */ = {isa = PBXBuildFile; fileRef = D696C96D1CA96D25008C8202 /* ToDo.xcdatamodeld */; };
		D696C9711CA96D25008C8202 /* Assets.xcassets in Resources */ = {isa = PBXBuildFile; fileRef = D696C9701CA96D25008C8202 /* Assets.xcassets */; };
		D696C9741CA96D25008C8202 /* LaunchScreen.storyboard in Resources */ = {isa = PBXBuildFile; fileRef = D696C9721CA96D25008C8202 /* LaunchScreen.storyboard */; };
		D696C9811CA974D5008C8202 /* CoreLocation.framework in Frameworks */ = {isa = PBXBuildFile; fileRef = D696C9801CA974D5008C8202 /* CoreLocation.framework */; };
/* End PBXBuildFile section */

/* Begin PBXFileReference section */
		D65EC40F1CAC061200ADC0C6 /* LoginViewControler.h */ = {isa = PBXFileReference; fileEncoding = 4; lastKnownFileType = sourcecode.c.h; path = LoginViewControler.h; sourceTree = "<group>"; };
		D65EC4101CAC061200ADC0C6 /* LoginViewControler.m */ = {isa = PBXFileReference; fileEncoding = 4; lastKnownFileType = sourcecode.c.objc; path = LoginViewControler.m; sourceTree = "<group>"; };
		D65EC4121CAC092E00ADC0C6 /* SignUpViewController.h */ = {isa = PBXFileReference; fileEncoding = 4; lastKnownFileType = sourcecode.c.h; path = SignUpViewController.h; sourceTree = "<group>"; };
		D65EC4131CAC092E00ADC0C6 /* SignUpViewController.m */ = {isa = PBXFileReference; fileEncoding = 4; lastKnownFileType = sourcecode.c.objc; path = SignUpViewController.m; sourceTree = "<group>"; };
		D696C95E1CA96D24008C8202 /* ToDo.app */ = {isa = PBXFileReference; explicitFileType = wrapper.application; includeInIndex = 0; path = ToDo.app; sourceTree = BUILT_PRODUCTS_DIR; };
		D696C9621CA96D24008C8202 /* main.m */ = {isa = PBXFileReference; lastKnownFileType = sourcecode.c.objc; path = main.m; sourceTree = "<group>"; };
		D696C9641CA96D24008C8202 /* AppDelegate.h */ = {isa = PBXFileReference; lastKnownFileType = sourcecode.c.h; path = AppDelegate.h; sourceTree = "<group>"; };
		D696C9651CA96D25008C8202 /* AppDelegate.m */ = {isa = PBXFileReference; lastKnownFileType = sourcecode.c.objc; path = AppDelegate.m; sourceTree = "<group>"; };
		D696C9671CA96D25008C8202 /* ViewController.h */ = {isa = PBXFileReference; lastKnownFileType = sourcecode.c.h; path = ViewController.h; sourceTree = "<group>"; };
		D696C9681CA96D25008C8202 /* ViewController.m */ = {isa = PBXFileReference; lastKnownFileType = sourcecode.c.objc; path = ViewController.m; sourceTree = "<group>"; };
		D696C96B1CA96D25008C8202 /* Base */ = {isa = PBXFileReference; lastKnownFileType = file.storyboard; name = Base; path = Base.lproj/Main.storyboard; sourceTree = "<group>"; };
		D696C96E1CA96D25008C8202 /* ToDo.xcdatamodel */ = {isa = PBXFileReference; lastKnownFileType = wrapper.xcdatamodel; path = ToDo.xcdatamodel; sourceTree = "<group>"; };
		D696C9701CA96D25008C8202 /* Assets.xcassets */ = {isa = PBXFileReference; lastKnownFileType = folder.assetcatalog; path = Assets.xcassets; sourceTree = "<group>"; };
		D696C9731CA96D25008C8202 /* Base */ = {isa = PBXFileReference; lastKnownFileType = file.storyboard; name = Base; path = Base.lproj/LaunchScreen.storyboard; sourceTree = "<group>"; };
		D696C9751CA96D25008C8202 /* Info.plist */ = {isa = PBXFileReference; lastKnownFileType = text.plist.xml; path = Info.plist; sourceTree = "<group>"; };
		D696C9801CA974D5008C8202 /* CoreLocation.framework */ = {isa = PBXFileReference; lastKnownFileType = wrapper.framework; name = CoreLocation.framework; path = System/Library/Frameworks/CoreLocation.framework; sourceTree = SDKROOT; };
/* End PBXFileReference section */

/* Begin PBXFrameworksBuildPhase section */
		D696C95B1CA96D24008C8202 /* Frameworks */ = {
			isa = PBXFrameworksBuildPhase;
			buildActionMask = 2147483647;
			files = (
				D696C9811CA974D5008C8202 /* CoreLocation.framework in Frameworks */,
			);
			runOnlyForDeploymentPostprocessing = 0;
		};
/* End PBXFrameworksBuildPhase section */

/* Begin PBXGroup section */
		D696C9551CA96D24008C8202 = {
			isa = PBXGroup;
			children = (
				D696C9601CA96D24008C8202 /* ToDo */,
				D696C97F1CA96E9A008C8202 /* Frameworks */,
				D696C95F1CA96D24008C8202 /* Products */,
			);
			sourceTree = "<group>";
		};
		D696C95F1CA96D24008C8202 /* Products */ = {
			isa = PBXGroup;
			children = (
				D696C95E1CA96D24008C8202 /* ToDo.app */,
			);
			name = Products;
			sourceTree = "<group>";
		};
		D696C9601CA96D24008C8202 /* ToDo */ = {
			isa = PBXGroup;
			children = (
				D696C97E1CA96E46008C8202 /* Models */,
				D696C97D1CA96E3B008C8202 /* Views */,
				D696C97C1CA96D7D008C8202 /* Controlers */,
				D696C9611CA96D24008C8202 /* Supporting Files */,
			);
			path = ToDo;
			sourceTree = "<group>";
		};
		D696C9611CA96D24008C8202 /* Supporting Files */ = {
			isa = PBXGroup;
			children = (
				D696C97B1CA96D46008C8202 /* AplicationDelegate */,
				D696C9701CA96D25008C8202 /* Assets.xcassets */,
				D696C9751CA96D25008C8202 /* Info.plist */,
				D696C9621CA96D24008C8202 /* main.m */,
			);
			name = "Supporting Files";
			sourceTree = "<group>";
		};
		D696C97B1CA96D46008C8202 /* AplicationDelegate */ = {
			isa = PBXGroup;
			children = (
				D696C9641CA96D24008C8202 /* AppDelegate.h */,
				D696C9651CA96D25008C8202 /* AppDelegate.m */,
			);
			name = AplicationDelegate;
			sourceTree = "<group>";
		};
		D696C97C1CA96D7D008C8202 /* Controlers */ = {
			isa = PBXGroup;
			children = (
				D696C9671CA96D25008C8202 /* ViewController.h */,
				D696C9681CA96D25008C8202 /* ViewController.m */,
				D65EC40F1CAC061200ADC0C6 /* LoginViewControler.h */,
				D65EC4101CAC061200ADC0C6 /* LoginViewControler.m */,
				D65EC4121CAC092E00ADC0C6 /* SignUpViewController.h */,
				D65EC4131CAC092E00ADC0C6 /* SignUpViewController.m */,
			);
			name = Controlers;
			sourceTree = "<group>";
		};
		D696C97D1CA96E3B008C8202 /* Views */ = {
			isa = PBXGroup;
			children = (
				D696C96A1CA96D25008C8202 /* Main.storyboard */,
				D696C9721CA96D25008C8202 /* LaunchScreen.storyboard */,
			);
			name = Views;
			sourceTree = "<group>";
		};
		D696C97E1CA96E46008C8202 /* Models */ = {
			isa = PBXGroup;
			children = (
				D696C96D1CA96D25008C8202 /* ToDo.xcdatamodeld */,
			);
			name = Models;
			sourceTree = "<group>";
		};
		D696C97F1CA96E9A008C8202 /* Frameworks */ = {
			isa = PBXGroup;
			children = (
				D696C9801CA974D5008C8202 /* CoreLocation.framework */,
			);
			name = Frameworks;
			sourceTree = "<group>";
		};
/* End PBXGroup section */

/* Begin PBXNativeTarget section */
		D696C95D1CA96D24008C8202 /* ToDo */ = {
			isa = PBXNativeTarget;
			buildConfigurationList = D696C9781CA96D25008C8202 /* Build configuration list for PBXNativeTarget "ToDo" */;
			buildPhases = (
				D696C95A1CA96D24008C8202 /* Sources */,
				D696C95B1CA96D24008C8202 /* Frameworks */,
				D696C95C1CA96D24008C8202 /* Resources */,
			);
			buildRules = (
			);
			dependencies = (
			);
			name = ToDo;
			productName = ToDo;
			productReference = D696C95E1CA96D24008C8202 /* ToDo.app */;
			productType = "com.apple.product-type.application";
		};
/* End PBXNativeTarget section */

/* Begin PBXProject section */
		D696C9561CA96D24008C8202 /* Project object */ = {
			isa = PBXProject;
			attributes = {
				LastUpgradeCheck = 0720;
				ORGANIZATIONNAME = "Cubes School 7";
				TargetAttributes = {
					D696C95D1CA96D24008C8202 = {
						CreatedOnToolsVersion = 7.2.1;
					};
				};
			};
			buildConfigurationList = D696C9591CA96D24008C8202 /* Build configuration list for PBXProject "ToDo" */;
			compatibilityVersion = "Xcode 3.2";
			developmentRegion = English;
			hasScannedForEncodings = 0;
			knownRegions = (
				en,
				Base,
			);
			mainGroup = D696C9551CA96D24008C8202;
			productRefGroup = D696C95F1CA96D24008C8202 /* Products */;
			projectDirPath = "";
			projectRoot = "";
			targets = (
				D696C95D1CA96D24008C8202 /* ToDo */,
			);
		};
/* End PBXProject section */

/* Begin PBXResourcesBuildPhase section */
		D696C95C1CA96D24008C8202 /* Resources */ = {
			isa = PBXResourcesBuildPhase;
			buildActionMask = 2147483647;
			files = (
				D696C9741CA96D25008C8202 /* LaunchScreen.storyboard in Resources */,
				D696C9711CA96D25008C8202 /* Assets.xcassets in Resources */,
				D696C96C1CA96D25008C8202 /* Main.storyboard in Resources */,
			);
			runOnlyForDeploymentPostprocessing = 0;
		};
/* End PBXResourcesBuildPhase section */

/* Begin PBXSourcesBuildPhase section */
		D696C95A1CA96D24008C8202 /* Sources */ = {
			isa = PBXSourcesBuildPhase;
			buildActionMask = 2147483647;
			files = (
				D696C9691CA96D25008C8202 /* ViewController.m in Sources */,
				D696C9661CA96D25008C8202 /* AppDelegate.m in Sources */,
				D65EC4141CAC092E00ADC0C6 /* SignUpViewController.m in Sources */,
				D696C9631CA96D24008C8202 /* main.m in Sources */,
				D696C96F1CA96D25008C8202 /* ToDo.xcdatamodeld in Sources */,
				D65EC4111CAC061200ADC0C6 /* LoginViewControler.m in Sources */,
			);
			runOnlyForDeploymentPostprocessing = 0;
		};
/* End PBXSourcesBuildPhase section */

/* Begin PBXVariantGroup section */
		D696C96A1CA96D25008C8202 /* Main.storyboard */ = {
			isa = PBXVariantGroup;
			children = (
				D696C96B1CA96D25008C8202 /* Base */,
			);
			name = Main.storyboard;
			sourceTree = "<group>";
		};
		D696C9721CA96D25008C8202 /* LaunchScreen.storyboard */ = {
			isa = PBXVariantGroup;
			children = (
				D696C9731CA96D25008C8202 /* Base */,
			);
			name = LaunchScreen.storyboard;
			sourceTree = "<group>";
		};
/* End PBXVariantGroup section */

/* Begin XCBuildConfiguration section */
		D696C9761CA96D25008C8202 /* Debug */ = {
			isa = XCBuildConfiguration;
			buildSettings = {
				ALWAYS_SEARCH_USER_PATHS = NO;
				CLANG_CXX_LANGUAGE_STANDARD = "gnu++0x";
				CLANG_CXX_LIBRARY = "libc++";
				CLANG_ENABLE_MODULES = YES;
				CLANG_ENABLE_OBJC_ARC = YES;
				CLANG_WARN_BOOL_CONVERSION = YES;
				CLANG_WARN_CONSTANT_CONVERSION = YES;
				CLANG_WARN_DIRECT_OBJC_ISA_USAGE = YES_ERROR;
				CLANG_WARN_EMPTY_BODY = YES;
				CLANG_WARN_ENUM_CONVERSION = YES;
				CLANG_WARN_INT_CONVERSION = YES;
				CLANG_WARN_OBJC_ROOT_CLASS = YES_ERROR;
				CLANG_WARN_UNREACHABLE_CODE = YES;
				CLANG_WARN__DUPLICATE_METHOD_MATCH = YES;
				"CODE_SIGN_IDENTITY[sdk=iphoneos*]" = "iPhone Developer";
				COPY_PHASE_STRIP = NO;
				DEBUG_INFORMATION_FORMAT = dwarf;
				ENABLE_STRICT_OBJC_MSGSEND = YES;
				ENABLE_TESTABILITY = YES;
				GCC_C_LANGUAGE_STANDARD = gnu99;
				GCC_DYNAMIC_NO_PIC = NO;
				GCC_NO_COMMON_BLOCKS = YES;
				GCC_OPTIMIZATION_LEVEL = 0;
				GCC_PREPROCESSOR_DEFINITIONS = (
					"DEBUG=1",
					"$(inherited)",
				);
				GCC_WARN_64_TO_32_BIT_CONVERSION = YES;
				GCC_WARN_ABOUT_RETURN_TYPE = YES_ERROR;
				GCC_WARN_UNDECLARED_SELECTOR = YES;
				GCC_WARN_UNINITIALIZED_AUTOS = YES_AGGRESSIVE;
				GCC_WARN_UNUSED_FUNCTION = YES;
				GCC_WARN_UNUSED_VARIABLE = YES;
				IPHONEOS_DEPLOYMENT_TARGET = 9.2;
				MTL_ENABLE_DEBUG_INFO = YES;
				ONLY_ACTIVE_ARCH = YES;
				SDKROOT = iphoneos;
			};
			name = Debug;
		};
		D696C9771CA96D25008C8202 /* Release */ = {
			isa = XCBuildConfiguration;
			buildSettings = {
				ALWAYS_SEARCH_USER_PATHS = NO;
				CLANG_CXX_LANGUAGE_STANDARD = "gnu++0x";
				CLANG_CXX_LIBRARY = "libc++";
				CLANG_ENABLE_MODULES = YES;
				CLANG_ENABLE_OBJC_ARC = YES;
				CLANG_WARN_BOOL_CONVERSION = YES;
				CLANG_WARN_CONSTANT_CONVERSION = YES;
				CLANG_WARN_DIRECT_OBJC_ISA_USAGE = YES_ERROR;
				CLANG_WARN_EMPTY_BODY = YES;
				CLANG_WARN_ENUM_CONVERSION = YES;
				CLANG_WARN_INT_CONVERSION = YES;
				CLANG_WARN_OBJC_ROOT_CLASS = YES_ERROR;
				CLANG_WARN_UNREACHABLE_CODE = YES;
				CLANG_WARN__DUPLICATE_METHOD_MATCH = YES;
				"CODE_SIGN_IDENTITY[sdk=iphoneos*]" = "iPhone Developer";
				COPY_PHASE_STRIP = NO;
				DEBUG_INFORMATION_FORMAT = "dwarf-with-dsym";
				ENABLE_NS_ASSERTIONS = NO;
				ENABLE_STRICT_OBJC_MSGSEND = YES;
				GCC_C_LANGUAGE_STANDARD = gnu99;
				GCC_NO_COMMON_BLOCKS = YES;
				GCC_WARN_64_TO_32_BIT_CONVERSION = YES;
				GCC_WARN_ABOUT_RETURN_TYPE = YES_ERROR;
				GCC_WARN_UNDECLARED_SELECTOR = YES;
				GCC_WARN_UNINITIALIZED_AUTOS = YES_AGGRESSIVE;
				GCC_WARN_UNUSED_FUNCTION = YES;
				GCC_WARN_UNUSED_VARIABLE = YES;
				IPHONEOS_DEPLOYMENT_TARGET = 9.2;
				MTL_ENABLE_DEBUG_INFO = NO;
				SDKROOT = iphoneos;
				VALIDATE_PRODUCT = YES;
			};
			name = Release;
		};
		D696C9791CA96D25008C8202 /* Debug */ = {
			isa = XCBuildConfiguration;
			buildSettings = {
				ASSETCATALOG_COMPILER_APPICON_NAME = AppIcon;
				ASSETCATALOG_COMPILER_LAUNCHIMAGE_NAME = "Brand Assets";
				INFOPLIST_FILE = ToDo/Info.plist;
				LD_RUNPATH_SEARCH_PATHS = "$(inherited) @executable_path/Frameworks";
				PRODUCT_BUNDLE_IDENTIFIER = rs.cubes.ToDo;
				PRODUCT_NAME = "$(TARGET_NAME)";
			};
			name = Debug;
		};
		D696C97A1CA96D25008C8202 /* Release */ = {
			isa = XCBuildConfiguration;
			buildSettings = {
				ASSETCATALOG_COMPILER_APPICON_NAME = AppIcon;
				ASSETCATALOG_COMPILER_LAUNCHIMAGE_NAME = "Brand Assets";
				INFOPLIST_FILE = ToDo/Info.plist;
				LD_RUNPATH_SEARCH_PATHS = "$(inherited) @executable_path/Frameworks";
				PRODUCT_BUNDLE_IDENTIFIER = rs.cubes.ToDo;
				PRODUCT_NAME = "$(TARGET_NAME)";
			};
			name = Release;
		};
/* End XCBuildConfiguration section */

/* Begin XCConfigurationList section */
		D696C9591CA96D24008C8202 /* Build configuration list for PBXProject "ToDo" */ = {
			isa = XCConfigurationList;
			buildConfigurations = (
				D696C9761CA96D25008C8202 /* Debug */,
				D696C9771CA96D25008C8202 /* Release */,
			);
			defaultConfigurationIsVisible = 0;
			defaultConfigurationName = Release;
		};
		D696C9781CA96D25008C8202 /* Build configuration list for PBXNativeTarget "ToDo" */ = {
			isa = XCConfigurationList;
			buildConfigurations = (
				D696C9791CA96D25008C8202 /* Debug */,
				D696C97A1CA96D25008C8202 /* Release */,
			);
			defaultConfigurationIsVisible = 0;
			defaultConfigurationName = Release;
		};
/* End XCConfigurationList section */

/* Begin XCVersionGroup section */
		D696C96D1CA96D25008C8202 /* ToDo.xcdatamodeld */ = {
			isa = XCVersionGroup;
			children = (
				D696C96E1CA96D25008C8202 /* ToDo.xcdatamodel */,
			);
			currentVersion = D696C96E1CA96D25008C8202 /* ToDo.xcdatamodel */;
			path = ToDo.xcdatamodeld;
			sourceTree = "<group>";
			versionGroupType = wrapper.xcdatamodel;
		};
/* End XCVersionGroup section */
	};
	rootObject = D696C9561CA96D24008C8202 /* Project object */;
}
